
Microsoft Visual Studio Solution File, Format Version 12.00
# Visual Studio Version 17
VisualStudioVersion = 17.8.34330.188
MinimumVisualStudioVersion = 10.0.40219.1
Project("{FAE04EC0-301F-11D3-BF4B-00C04F79EFBC}") = "BinarySearchingAlgo", "BinarySearchingAlgo\BinarySearchingAlgo.csproj", "{BD8B6664-BAF7-49B5-A146-DD99884B7F0E}"
EndProject
Global
	GlobalSection(SolutionConfigurationPlatforms) = preSolution
		Debug|Any CPU = Debug|Any CPU
		Release|Any CPU = Release|Any CPU
	EndGlobalSection
	GlobalSection(ProjectConfigurationPlatforms) = postSolution
		{BD8B6664-BAF7-49B5-A146-DD99884B7F0E}.Debug|Any CPU.ActiveCfg = Debug|Any CPU
		{BD8B6664-BAF7-49B5-A146-DD99884B7F0E}.Debug|Any CPU.Build.0 = Debug|Any CPU
		{BD8B6664-BAF7-49B5-A146-DD99884B7F0E}.Release|Any CPU.ActiveCfg = Release|Any CPU
		{BD8B6664-BAF7-49B5-A146-DD99884B7F0E}.Release|Any CPU.Build.0 = Release|Any CPU
	EndGlobalSection
	GlobalSection(SolutionProperties) = preSolution
		HideSolutionNode = FALSE
	EndGlobalSection
	GlobalSection(ExtensibilityGlobals) = postSolution
		SolutionGuid = {03B96F2E-C875-481F-B899-00C707FB6A98}
	EndGlobalSection
EndGlobal
